
Microsoft Visual Studio Solution File, Format Version 11.00
# Visual C# Express 2010
Project("{FAE04EC0-301F-11D3-BF4B-00C04F79EFBC}") = "ProgrammingAssignment6", "ProgrammingAssignment6\ProgrammingAssignment6\ProgrammingAssignment6.csproj", "{DEEDBD94-C589-4637-858E-049122F5EAF6}"
EndProject
Project("{96E2B04D-8817-42C6-938A-82C39BA4D311}") = "ProgrammingAssignment6Content", "ProgrammingAssignment6\ProgrammingAssignment6Content\ProgrammingAssignment6Content.contentproj", "{E84B5F01-D459-4017-8A34-0A71B3754547}"
EndProject
Global
	GlobalSection(SolutionConfigurationPlatforms) = preSolution
		Debug|x86 = Debug|x86
		Release|x86 = Release|x86
	EndGlobalSection
	GlobalSection(ProjectConfigurationPlatforms) = postSolution
		{DEEDBD94-C589-4637-858E-049122F5EAF6}.Debug|x86.ActiveCfg = Debug|x86
		{DEEDBD94-C589-4637-858E-049122F5EAF6}.Debug|x86.Build.0 = Debug|x86
		{DEEDBD94-C589-4637-858E-049122F5EAF6}.Release|x86.ActiveCfg = Release|x86
		{DEEDBD94-C589-4637-858E-049122F5EAF6}.Release|x86.Build.0 = Release|x86
		{E84B5F01-D459-4017-8A34-0A71B3754547}.Debug|x86.ActiveCfg = Debug|x86
		{E84B5F01-D459-4017-8A34-0A71B3754547}.Release|x86.ActiveCfg = Release|x86
	EndGlobalSection
	GlobalSection(SolutionProperties) = preSolution
		HideSolutionNode = FALSE
	EndGlobalSection
EndGlobal
